PODS:
  - Alamofire (5.4.3)
  - KakaoSDKCommon (2.5.3):
    - KakaoSDKCommon/Common (= 2.5.3)
    - KakaoSDKCommon/Network (= 2.5.3)
  - KakaoSDKCommon/Common (2.5.3)
  - KakaoSDKCommon/Network (2.5.3):
    - Alamofire (~> 5.1)
    - KakaoSDKCommon/Common (= 2.5.3)
  - Moya (14.0.0):
    - Moya/Core (= 14.0.0)
  - Moya/Core (14.0.0):
    - Alamofire (~> 5.0)

DEPENDENCIES:
  - KakaoSDKCommon
  - Moya

SPEC REPOS:
  trunk:
    - Alamofire
    - KakaoSDKCommon
    - Moya

SPEC CHECKSUMS:
  Alamofire: e447a2774a40c996748296fa2c55112fdbbc42f9
  KakaoSDKCommon: 08548932f6f570215ea038241a98157c0b3f7a8b
  Moya: 5b45dacb75adb009f97fde91c204c1e565d31916

PODFILE CHECKSUM: 669532a3ee49a5c8757316617819d019457bc4bd

COCOAPODS: 1.10.0
