// !$*UTF8*$!
{
	archiveVersion = 1;
	classes = {
	};
	objectVersion = 51;
	objects = {

/* Begin PBXBuildFile section */
		4B347AE9D03199417F710159 /* Pods_SearchList_SearchListUITests.framework in Frameworks */ = {isa = PBXBuildFile; fileRef = A2DD2D8C7C622483A5A1A140 /* Pods_SearchList_SearchListUITests.framework */; };
		4D87B1B72303855079A87D31 /* Pods_SearchListTests.framework in Frameworks */ = {isa = PBXBuildFile; fileRef = A4A67E5AD69A89257A85131C /* Pods_SearchListTests.framework */; };
		B639CBA2267D7F2100A0F141 /* AppDelegate.swift in Sources */ = {isa = PBXBuildFile; fileRef = B639CBA1267D7F2100A0F141 /* AppDelegate.swift */; };
		B639CBA9267D7F2100A0F141 /* Main.storyboard in Resources */ = {isa = PBXBuildFile; fileRef = B639CBA7267D7F2100A0F141 /* Main.storyboard */; };
		B639CBAB267D7F2200A0F141 /* Assets.xcassets in Resources */ = {isa = PBXBuildFile; fileRef = B639CBAA267D7F2200A0F141 /* Assets.xcassets */; };
		B639CBAE267D7F2200A0F141 /* LaunchScreen.storyboard in Resources */ = {isa = PBXBuildFile; fileRef = B639CBAC267D7F2200A0F141 /* LaunchScreen.storyboard */; };
		B639CBB9267D7F2200A0F141 /* SearchListTests.swift in Sources */ = {isa = PBXBuildFile; fileRef = B639CBB8267D7F2200A0F141 /* SearchListTests.swift */; };
		B639CBC4267D7F2200A0F141 /* SearchListUITests.swift in Sources */ = {isa = PBXBuildFile; fileRef = B639CBC3267D7F2200A0F141 /* SearchListUITests.swift */; };
		B66D4BCF267DC61C004D750D /* SearchResultModel.swift in Sources */ = {isa = PBXBuildFile; fileRef = B66D4BCE267DC61C004D750D /* SearchResultModel.swift */; };
		B6779EE1267DD9C6002FDDDD /* EmptyView.swift in Sources */ = {isa = PBXBuildFile; fileRef = B6779EE0267DD9C6002FDDDD /* EmptyView.swift */; };
		B6779EE3267DD9D0002FDDDD /* EmptyView.xib in Resources */ = {isa = PBXBuildFile; fileRef = B6779EE2267DD9D0002FDDDD /* EmptyView.xib */; };
		B6779EE7267DDC23002FDDDD /* SearchDetailViewModel.swift in Sources */ = {isa = PBXBuildFile; fileRef = B6779EE6267DDC23002FDDDD /* SearchDetailViewModel.swift */; };
		B6779EEA267DE57C002FDDDD /* String+.swift in Sources */ = {isa = PBXBuildFile; fileRef = B6779EE9267DE57C002FDDDD /* String+.swift */; };
		B6779EF9267F0D16002FDDDD /* SearchViewModel.swift in Sources */ = {isa = PBXBuildFile; fileRef = B6779EF8267F0D16002FDDDD /* SearchViewModel.swift */; };
		B6779EFB267F0E29002FDDDD /* AsyncOperation.swift in Sources */ = {isa = PBXBuildFile; fileRef = B6779EFA267F0E28002FDDDD /* AsyncOperation.swift */; };
		B6779EFD267F1083002FDDDD /* DataLoadOperation.swift in Sources */ = {isa = PBXBuildFile; fileRef = B6779EFC267F1083002FDDDD /* DataLoadOperation.swift */; };
		B6779F01267F1C52002FDDDD /* SortOperation.swift in Sources */ = {isa = PBXBuildFile; fileRef = B6779F00267F1C52002FDDDD /* SortOperation.swift */; };
		B6779F05267F1DCA002FDDDD /* SearchOperationDataProvider.swift in Sources */ = {isa = PBXBuildFile; fileRef = B6779F04267F1DCA002FDDDD /* SearchOperationDataProvider.swift */; };
		B6779F09267F3834002FDDDD /* SearchListProvider.swift in Sources */ = {isa = PBXBuildFile; fileRef = B6779F08267F3834002FDDDD /* SearchListProvider.swift */; };
		B6779F0C267F4F0D002FDDDD /* LoadingTableViewCell.swift in Sources */ = {isa = PBXBuildFile; fileRef = B6779F0B267F4F0D002FDDDD /* LoadingTableViewCell.swift */; };
		B68D5F34268066BE00699C90 /* DocumentProtocol.swift in Sources */ = {isa = PBXBuildFile; fileRef = B68D5F33268066BE00699C90 /* DocumentProtocol.swift */; };
		B68D5F382680E43000699C90 /* SearchHistoryView.swift in Sources */ = {isa = PBXBuildFile; fileRef = B68D5F372680E43000699C90 /* SearchHistoryView.swift */; };
		B68D5F3A2680E43900699C90 /* SearchHistoryView.xib in Resources */ = {isa = PBXBuildFile; fileRef = B68D5F392680E43900699C90 /* SearchHistoryView.xib */; };
		B6A9CB512681D40B00612211 /* StringGeneratorTest.swift in Sources */ = {isa = PBXBuildFile; fileRef = B6A9CB502681D40B00612211 /* StringGeneratorTest.swift */; };
		B6A9CB522681D44700612211 /* String+.swift in Sources */ = {isa = PBXBuildFile; fileRef = B6779EE9267DE57C002FDDDD /* String+.swift */; };
		B6A9CB542681DD4900612211 /* FilterOperation.swift in Sources */ = {isa = PBXBuildFile; fileRef = B6A9CB532681DD4900612211 /* FilterOperation.swift */; };
		B6A9CB562681E09F00612211 /* AppendOperation.swift in Sources */ = {isa = PBXBuildFile; fileRef = B6A9CB552681E09F00612211 /* AppendOperation.swift */; };
		B6A9CB582681EA0E00612211 /* SortTest.swift in Sources */ = {isa = PBXBuildFile; fileRef = B6A9CB572681EA0E00612211 /* SortTest.swift */; };
		B6A9CB592681EADE00612211 /* SortOperation.swift in Sources */ = {isa = PBXBuildFile; fileRef = B6779F00267F1C52002FDDDD /* SortOperation.swift */; };
		B6A9CB5A2681EB0600612211 /* AppendOperation.swift in Sources */ = {isa = PBXBuildFile; fileRef = B6A9CB552681E09F00612211 /* AppendOperation.swift */; };
		B6A9CB5B2681EC1A00612211 /* DocumentProtocol.swift in Sources */ = {isa = PBXBuildFile; fileRef = B68D5F33268066BE00699C90 /* DocumentProtocol.swift */; };
		B6A9CB5C2681EC5500612211 /* FilterOperation.swift in Sources */ = {isa = PBXBuildFile; fileRef = B6A9CB532681DD4900612211 /* FilterOperation.swift */; };
		B6A9CB5D2681EC6100612211 /* SearchResultModel.swift in Sources */ = {isa = PBXBuildFile; fileRef = B66D4BCE267DC61C004D750D /* SearchResultModel.swift */; };
		B6A9CB5E2681EC6E00612211 /* SearchOperationDataProvider.swift in Sources */ = {isa = PBXBuildFile; fileRef = B6779F04267F1DCA002FDDDD /* SearchOperationDataProvider.swift */; };
		B6A9CB602681EDFD00612211 /* DummyData.swift in Sources */ = {isa = PBXBuildFile; fileRef = B6A9CB5F2681EDFD00612211 /* DummyData.swift */; };
		B6CFEBF8267D82D700CB74ED /* MainSearchViewController.swift in Sources */ = {isa = PBXBuildFile; fileRef = B6CFEBF7267D82D700CB74ED /* MainSearchViewController.swift */; };
		B6CFEBFA267D82E100CB74ED /* SearchDetailViewController.swift in Sources */ = {isa = PBXBuildFile; fileRef = B6CFEBF9267D82E100CB74ED /* SearchDetailViewController.swift */; };
		B6CFEBFC267D82FA00CB74ED /* DetailWebViewController.swift in Sources */ = {isa = PBXBuildFile; fileRef = B6CFEBFB267D82FA00CB74ED /* DetailWebViewController.swift */; };
		B6CFEBFF267D834A00CB74ED /* WebKit.framework in Frameworks */ = {isa = PBXBuildFile; fileRef = B6CFEBFE267D834A00CB74ED /* WebKit.framework */; };
		B6CFEC06267D85B200CB74ED /* SearchTableViewCell.swift in Sources */ = {isa = PBXBuildFile; fileRef = B6CFEC05267D85B200CB74ED /* SearchTableViewCell.swift */; };
		B6CFEC08267D860200CB74ED /* CustomSearchBarView.swift in Sources */ = {isa = PBXBuildFile; fileRef = B6CFEC07267D860200CB74ED /* CustomSearchBarView.swift */; };
		B6CFEC0A267D860B00CB74ED /* CustomSearchBarView.xib in Resources */ = {isa = PBXBuildFile; fileRef = B6CFEC09267D860B00CB74ED /* CustomSearchBarView.xib */; };
		B6CFEC0C267D8AC100CB74ED /* FilterView.swift in Sources */ = {isa = PBXBuildFile; fileRef = B6CFEC0B267D8AC100CB74ED /* FilterView.swift */; };
		B6CFEC0E267D8AD500CB74ED /* FilterView.xib in Resources */ = {isa = PBXBuildFile; fileRef = B6CFEC0D267D8AD500CB74ED /* FilterView.xib */; };
		B6CFEC12267D966900CB74ED /* HistoryTableViewCell.swift in Sources */ = {isa = PBXBuildFile; fileRef = B6CFEC10267D966900CB74ED /* HistoryTableViewCell.swift */; };
		B6CFEC13267D966900CB74ED /* HistoryTableViewCell.xib in Resources */ = {isa = PBXBuildFile; fileRef = B6CFEC11267D966900CB74ED /* HistoryTableViewCell.xib */; };
		B6CFEC16267DB56200CB74ED /* NetworkAdapter.swift in Sources */ = {isa = PBXBuildFile; fileRef = B6CFEC15267DB56200CB74ED /* NetworkAdapter.swift */; };
		B6CFEC18267DB64D00CB74ED /* SearchAPI.swift in Sources */ = {isa = PBXBuildFile; fileRef = B6CFEC17267DB64D00CB74ED /* SearchAPI.swift */; };
		B6D5BBC32682EE5E00A8612C /* PageInfoModel.swift in Sources */ = {isa = PBXBuildFile; fileRef = B6D5BBC22682EE5E00A8612C /* PageInfoModel.swift */; };
		B6D5BBC52683081C00A8612C /* Types.swift in Sources */ = {isa = PBXBuildFile; fileRef = B6D5BBC42683081C00A8612C /* Types.swift */; };
		D25A34A1A811973F78D36BD5 /* Pods_SearchList.framework in Frameworks */ = {isa = PBXBuildFile; fileRef = 539E28AF1B674CFA086CFE58 /* Pods_SearchList.framework */; };
/* End PBXBuildFile section */

/* Begin PBXContainerItemProxy section */
		B639CBB5267D7F2200A0F141 /* PBXContainerItemProxy */ = {
			isa = PBXContainerItemProxy;
			containerPortal = B639CB96267D7F2100A0F141 /* Project object */;
			proxyType = 1;
			remoteGlobalIDString = B639CB9D267D7F2100A0F141;
			remoteInfo = SearchList;
		};
		B639CBC0267D7F2200A0F141 /* PBXContainerItemProxy */ = {
			isa = PBXContainerItemProxy;
			containerPortal = B639CB96267D7F2100A0F141 /* Project object */;
			proxyType = 1;
			remoteGlobalIDString = B639CB9D267D7F2100A0F141;
			remoteInfo = SearchList;
		};
/* End PBXContainerItemProxy section */

/* Begin PBXFileReference section */
		04A3193F8ADD92C0B664262D /* Pods-SearchList.release.xcconfig */ = {isa = PBXFileReference; includeInIndex = 1; lastKnownFileType = text.xcconfig; name = "Pods-SearchList.release.xcconfig"; path = "Target Support Files/Pods-SearchList/Pods-SearchList.release.xcconfig"; sourceTree = "<group>"; };
		43BF0634AF5BCB751AD8DAB6 /* Pods-SearchList.debug.xcconfig */ = {isa = PBXFileReference; includeInIndex = 1; lastKnownFileType = text.xcconfig; name = "Pods-SearchList.debug.xcconfig"; path = "Target Support Files/Pods-SearchList/Pods-SearchList.debug.xcconfig"; sourceTree = "<group>"; };
		539E28AF1B674CFA086CFE58 /* Pods_SearchList.framework */ = {isa = PBXFileReference; explicitFileType = wrapper.framework; includeInIndex = 0; path = Pods_SearchList.framework; sourceTree = BUILT_PRODUCTS_DIR; };
		54EBF9AB6E42A7D68250100D /* Pods-SearchList-SearchListUITests.release.xcconfig */ = {isa = PBXFileReference; includeInIndex = 1; lastKnownFileType = text.xcconfig; name = "Pods-SearchList-SearchListUITests.release.xcconfig"; path = "Target Support Files/Pods-SearchList-SearchListUITests/Pods-SearchList-SearchListUITests.release.xcconfig"; sourceTree = "<group>"; };
		A2DD2D8C7C622483A5A1A140 /* Pods_SearchList_SearchListUITests.framework */ = {isa = PBXFileReference; explicitFileType = wrapper.framework; includeInIndex = 0; path = Pods_SearchList_SearchListUITests.framework; sourceTree = BUILT_PRODUCTS_DIR; };
		A438E8B40C3AABA9B02E1AEA /* Pods-SearchListTests.release.xcconfig */ = {isa = PBXFileReference; includeInIndex = 1; lastKnownFileType = text.xcconfig; name = "Pods-SearchListTests.release.xcconfig"; path = "Target Support Files/Pods-SearchListTests/Pods-SearchListTests.release.xcconfig"; sourceTree = "<group>"; };
		A4A67E5AD69A89257A85131C /* Pods_SearchListTests.framework */ = {isa = PBXFileReference; explicitFileType = wrapper.framework; includeInIndex = 0; path = Pods_SearchListTests.framework; sourceTree = BUILT_PRODUCTS_DIR; };
		B639CB9E267D7F2100A0F141 /* SearchList.app */ = {isa = PBXFileReference; explicitFileType = wrapper.application; includeInIndex = 0; path = SearchList.app; sourceTree = BUILT_PRODUCTS_DIR; };
		B639CBA1267D7F2100A0F141 /* AppDelegate.swift */ = {isa = PBXFileReference; lastKnownFileType = sourcecode.swift; path = AppDelegate.swift; sourceTree = "<group>"; };
		B639CBA8267D7F2100A0F141 /* Base */ = {isa = PBXFileReference; lastKnownFileType = file.storyboard; name = Base; path = Base.lproj/Main.storyboard; sourceTree = "<group>"; };
		B639CBAA267D7F2200A0F141 /* Assets.xcassets */ = {isa = PBXFileReference; lastKnownFileType = folder.assetcatalog; path = Assets.xcassets; sourceTree = "<group>"; };
		B639CBAD267D7F2200A0F141 /* Base */ = {isa = PBXFileReference; lastKnownFileType = file.storyboard; name = Base; path = Base.lproj/LaunchScreen.storyboard; sourceTree = "<group>"; };
		B639CBAF267D7F2200A0F141 /* Info.plist */ = {isa = PBXFileReference; lastKnownFileType = text.plist.xml; path = Info.plist; sourceTree = "<group>"; };
		B639CBB4267D7F2200A0F141 /* SearchListTests.xctest */ = {isa = PBXFileReference; explicitFileType = wrapper.cfbundle; includeInIndex = 0; path = SearchListTests.xctest; sourceTree = BUILT_PRODUCTS_DIR; };
		B639CBB8267D7F2200A0F141 /* SearchListTests.swift */ = {isa = PBXFileReference; lastKnownFileType = sourcecode.swift; path = SearchListTests.swift; sourceTree = "<group>"; };
		B639CBBA267D7F2200A0F141 /* Info.plist */ = {isa = PBXFileReference; lastKnownFileType = text.plist.xml; path = Info.plist; sourceTree = "<group>"; };
		B639CBBF267D7F2200A0F141 /* SearchListUITests.xctest */ = {isa = PBXFileReference; explicitFileType = wrapper.cfbundle; includeInIndex = 0; path = SearchListUITests.xctest; sourceTree = BUILT_PRODUCTS_DIR; };
		B639CBC3267D7F2200A0F141 /* SearchListUITests.swift */ = {isa = PBXFileReference; lastKnownFileType = sourcecode.swift; path = SearchListUITests.swift; sourceTree = "<group>"; };
		B639CBC5267D7F2200A0F141 /* Info.plist */ = {isa = PBXFileReference; lastKnownFileType = text.plist.xml; path = Info.plist; sourceTree = "<group>"; };
		B66D4BCE267DC61C004D750D /* SearchResultModel.swift */ = {isa = PBXFileReference; lastKnownFileType = sourcecode.swift; path = SearchResultModel.swift; sourceTree = "<group>"; };
		B6779EE0267DD9C6002FDDDD /* EmptyView.swift */ = {isa = PBXFileReference; lastKnownFileType = sourcecode.swift; path = EmptyView.swift; sourceTree = "<group>"; };
		B6779EE2267DD9D0002FDDDD /* EmptyView.xib */ = {isa = PBXFileReference; lastKnownFileType = file.xib; path = EmptyView.xib; sourceTree = "<group>"; };
		B6779EE6267DDC23002FDDDD /* SearchDetailViewModel.swift */ = {isa = PBXFileReference; lastKnownFileType = sourcecode.swift; path = SearchDetailViewModel.swift; sourceTree = "<group>"; };
		B6779EE9267DE57C002FDDDD /* String+.swift */ = {isa = PBXFileReference; lastKnownFileType = sourcecode.swift; path = "String+.swift"; sourceTree = "<group>"; };
		B6779EF8267F0D16002FDDDD /* SearchViewModel.swift */ = {isa = PBXFileReference; lastKnownFileType = sourcecode.swift; path = SearchViewModel.swift; sourceTree = "<group>"; };
		B6779EFA267F0E28002FDDDD /* AsyncOperation.swift */ = {isa = PBXFileReference; lastKnownFileType = sourcecode.swift; path = AsyncOperation.swift; sourceTree = "<group>"; };
		B6779EFC267F1083002FDDDD /* DataLoadOperation.swift */ = {isa = PBXFileReference; lastKnownFileType = sourcecode.swift; path = DataLoadOperation.swift; sourceTree = "<group>"; };
		B6779F00267F1C52002FDDDD /* SortOperation.swift */ = {isa = PBXFileReference; lastKnownFileType = sourcecode.swift; path = SortOperation.swift; sourceTree = "<group>"; };
		B6779F04267F1DCA002FDDDD /* SearchOperationDataProvider.swift */ = {isa = PBXFileReference; lastKnownFileType = sourcecode.swift; path = SearchOperationDataProvider.swift; sourceTree = "<group>"; };
		B6779F08267F3834002FDDDD /* SearchListProvider.swift */ = {isa = PBXFileReference; lastKnownFileType = sourcecode.swift; path = SearchListProvider.swift; sourceTree = "<group>"; };
		B6779F0B267F4F0D002FDDDD /* LoadingTableViewCell.swift */ = {isa = PBXFileReference; lastKnownFileType = sourcecode.swift; path = LoadingTableViewCell.swift; sourceTree = "<group>"; };
		B68D5F33268066BE00699C90 /* DocumentProtocol.swift */ = {isa = PBXFileReference; lastKnownFileType = sourcecode.swift; path = DocumentProtocol.swift; sourceTree = "<group>"; };
		B68D5F372680E43000699C90 /* SearchHistoryView.swift */ = {isa = PBXFileReference; lastKnownFileType = sourcecode.swift; path = SearchHistoryView.swift; sourceTree = "<group>"; };
		B68D5F392680E43900699C90 /* SearchHistoryView.xib */ = {isa = PBXFileReference; lastKnownFileType = file.xib; path = SearchHistoryView.xib; sourceTree = "<group>"; };
		B6A9CB502681D40B00612211 /* StringGeneratorTest.swift */ = {isa = PBXFileReference; lastKnownFileType = sourcecode.swift; path = StringGeneratorTest.swift; sourceTree = "<group>"; };
		B6A9CB532681DD4900612211 /* FilterOperation.swift */ = {isa = PBXFileReference; lastKnownFileType = sourcecode.swift; path = FilterOperation.swift; sourceTree = "<group>"; };
		B6A9CB552681E09F00612211 /* AppendOperation.swift */ = {isa = PBXFileReference; lastKnownFileType = sourcecode.swift; path = AppendOperation.swift; sourceTree = "<group>"; };
		B6A9CB572681EA0E00612211 /* SortTest.swift */ = {isa = PBXFileReference; lastKnownFileType = sourcecode.swift; path = SortTest.swift; sourceTree = "<group>"; };
		B6A9CB5F2681EDFD00612211 /* DummyData.swift */ = {isa = PBXFileReference; lastKnownFileType = sourcecode.swift; path = DummyData.swift; sourceTree = "<group>"; };
		B6CFEBF7267D82D700CB74ED /* MainSearchViewController.swift */ = {isa = PBXFileReference; lastKnownFileType = sourcecode.swift; path = MainSearchViewController.swift; sourceTree = "<group>"; };
		B6CFEBF9267D82E100CB74ED /* SearchDetailViewController.swift */ = {isa = PBXFileReference; lastKnownFileType = sourcecode.swift; path = SearchDetailViewController.swift; sourceTree = "<group>"; };
		B6CFEBFB267D82FA00CB74ED /* DetailWebViewController.swift */ = {isa = PBXFileReference; lastKnownFileType = sourcecode.swift; path = DetailWebViewController.swift; sourceTree = "<group>"; };
		B6CFEBFE267D834A00CB74ED /* WebKit.framework */ = {isa = PBXFileReference; lastKnownFileType = wrapper.framework; name = WebKit.framework; path = System/Library/Frameworks/WebKit.framework; sourceTree = SDKROOT; };
		B6CFEC05267D85B200CB74ED /* SearchTableViewCell.swift */ = {isa = PBXFileReference; lastKnownFileType = sourcecode.swift; path = SearchTableViewCell.swift; sourceTree = "<group>"; };
		B6CFEC07267D860200CB74ED /* CustomSearchBarView.swift */ = {isa = PBXFileReference; lastKnownFileType = sourcecode.swift; path = CustomSearchBarView.swift; sourceTree = "<group>"; };
		B6CFEC09267D860B00CB74ED /* CustomSearchBarView.xib */ = {isa = PBXFileReference; lastKnownFileType = file.xib; path = CustomSearchBarView.xib; sourceTree = "<group>"; };
		B6CFEC0B267D8AC100CB74ED /* FilterView.swift */ = {isa = PBXFileReference; lastKnownFileType = sourcecode.swift; path = FilterView.swift; sourceTree = "<group>"; };
		B6CFEC0D267D8AD500CB74ED /* FilterView.xib */ = {isa = PBXFileReference; lastKnownFileType = file.xib; path = FilterView.xib; sourceTree = "<group>"; };
		B6CFEC10267D966900CB74ED /* HistoryTableViewCell.swift */ = {isa = PBXFileReference; lastKnownFileType = sourcecode.swift; path = HistoryTableViewCell.swift; sourceTree = "<group>"; };
		B6CFEC11267D966900CB74ED /* HistoryTableViewCell.xib */ = {isa = PBXFileReference; lastKnownFileType = file.xib; path = HistoryTableViewCell.xib; sourceTree = "<group>"; };
		B6CFEC15267DB56200CB74ED /* NetworkAdapter.swift */ = {isa = PBXFileReference; lastKnownFileType = sourcecode.swift; path = NetworkAdapter.swift; sourceTree = "<group>"; };
		B6CFEC17267DB64D00CB74ED /* SearchAPI.swift */ = {isa = PBXFileReference; lastKnownFileType = sourcecode.swift; path = SearchAPI.swift; sourceTree = "<group>"; };
		B6D5BBC22682EE5E00A8612C /* PageInfoModel.swift */ = {isa = PBXFileReference; lastKnownFileType = sourcecode.swift; path = PageInfoModel.swift; sourceTree = "<group>"; };
		B6D5BBC42683081C00A8612C /* Types.swift */ = {isa = PBXFileReference; lastKnownFileType = sourcecode.swift; path = Types.swift; sourceTree = "<group>"; };
		C8D61ADDB5B7984A521FABF5 /* Pods-SearchList-SearchListUITests.debug.xcconfig */ = {isa = PBXFileReference; includeInIndex = 1; lastKnownFileType = text.xcconfig; name = "Pods-SearchList-SearchListUITests.debug.xcconfig"; path = "Target Support Files/Pods-SearchList-SearchListUITests/Pods-SearchList-SearchListUITests.debug.xcconfig"; sourceTree = "<group>"; };
		F18E2BEF511208F740E497B9 /* Pods-SearchListTests.debug.xcconfig */ = {isa = PBXFileReference; includeInIndex = 1; lastKnownFileType = text.xcconfig; name = "Pods-SearchListTests.debug.xcconfig"; path = "Target Support Files/Pods-SearchListTests/Pods-SearchListTests.debug.xcconfig"; sourceTree = "<group>"; };
/* End PBXFileReference section */

/* Begin PBXFrameworksBuildPhase section */
		B639CB9B267D7F2100A0F141 /* Frameworks */ = {
			isa = PBXFrameworksBuildPhase;
			buildActionMask = 2147483647;
			files = (
				B6CFEBFF267D834A00CB74ED /* WebKit.framework in Frameworks */,
				D25A34A1A811973F78D36BD5 /* Pods_SearchList.framework in Frameworks */,
			);
			runOnlyForDeploymentPostprocessing = 0;
		};
		B639CBB1267D7F2200A0F141 /* Frameworks */ = {
			isa = PBXFrameworksBuildPhase;
			buildActionMask = 2147483647;
			files = (
				4D87B1B72303855079A87D31 /* Pods_SearchListTests.framework in Frameworks */,
			);
			runOnlyForDeploymentPostprocessing = 0;
		};
		B639CBBC267D7F2200A0F141 /* Frameworks */ = {
			isa = PBXFrameworksBuildPhase;
			buildActionMask = 2147483647;
			files = (
				4B347AE9D03199417F710159 /* Pods_SearchList_SearchListUITests.framework in Frameworks */,
			);
			runOnlyForDeploymentPostprocessing = 0;
		};
/* End PBXFrameworksBuildPhase section */

/* Begin PBXGroup section */
		5E2DE52D20B52FD77264A990 /* Pods */ = {
			isa = PBXGroup;
			children = (
				43BF0634AF5BCB751AD8DAB6 /* Pods-SearchList.debug.xcconfig */,
				04A3193F8ADD92C0B664262D /* Pods-SearchList.release.xcconfig */,
				C8D61ADDB5B7984A521FABF5 /* Pods-SearchList-SearchListUITests.debug.xcconfig */,
				54EBF9AB6E42A7D68250100D /* Pods-SearchList-SearchListUITests.release.xcconfig */,
				F18E2BEF511208F740E497B9 /* Pods-SearchListTests.debug.xcconfig */,
				A438E8B40C3AABA9B02E1AEA /* Pods-SearchListTests.release.xcconfig */,
			);
			path = Pods;
			sourceTree = "<group>";
		};
		B639CB95267D7F2100A0F141 = {
			isa = PBXGroup;
			children = (
				B639CBA0267D7F2100A0F141 /* SearchList */,
				B639CBB7267D7F2200A0F141 /* SearchListTests */,
				B639CBC2267D7F2200A0F141 /* SearchListUITests */,
				B639CB9F267D7F2100A0F141 /* Products */,
				B6CFEBFD267D834A00CB74ED /* Frameworks */,
				5E2DE52D20B52FD77264A990 /* Pods */,
			);
			sourceTree = "<group>";
		};
		B639CB9F267D7F2100A0F141 /* Products */ = {
			isa = PBXGroup;
			children = (
				B639CB9E267D7F2100A0F141 /* SearchList.app */,
				B639CBB4267D7F2200A0F141 /* SearchListTests.xctest */,
				B639CBBF267D7F2200A0F141 /* SearchListUITests.xctest */,
			);
			name = Products;
			sourceTree = "<group>";
		};
		B639CBA0267D7F2100A0F141 /* SearchList */ = {
			isa = PBXGroup;
			children = (
				B639CBA1267D7F2100A0F141 /* AppDelegate.swift */,
				B639CBA7267D7F2100A0F141 /* Main.storyboard */,
				B6CFEC01267D841900CB74ED /* Main Search */,
				B6CFEC02267D842A00CB74ED /* Detail */,
				B6CFEC03267D842F00CB74ED /* Web */,
				B6CFEC14267DB54D00CB74ED /* Network */,
				B6779EE8267DE56F002FDDDD /* Extension */,
				B6CFEC00267D840100CB74ED /* Supporting Files */,
			);
			path = SearchList;
			sourceTree = "<group>";
		};
		B639CBB7267D7F2200A0F141 /* SearchListTests */ = {
			isa = PBXGroup;
			children = (
				B6A9CB4F2681D3D400612211 /* Validation */,
				B639CBB8267D7F2200A0F141 /* SearchListTests.swift */,
				B639CBBA267D7F2200A0F141 /* Info.plist */,
				B6A9CB5F2681EDFD00612211 /* DummyData.swift */,
			);
			path = SearchListTests;
			sourceTree = "<group>";
		};
		B639CBC2267D7F2200A0F141 /* SearchListUITests */ = {
			isa = PBXGroup;
			children = (
				B639CBC3267D7F2200A0F141 /* SearchListUITests.swift */,
				B639CBC5267D7F2200A0F141 /* Info.plist */,
			);
			path = SearchListUITests;
			sourceTree = "<group>";
		};
		B66D4BCD267DC5BD004D750D /* Model */ = {
			isa = PBXGroup;
			children = (
				B66D4BCE267DC61C004D750D /* SearchResultModel.swift */,
				B68D5F33268066BE00699C90 /* DocumentProtocol.swift */,
				B6D5BBC22682EE5E00A8612C /* PageInfoModel.swift */,
				B6D5BBC42683081C00A8612C /* Types.swift */,
			);
			path = Model;
			sourceTree = "<group>";
		};
		B6779EE4267DDC11002FDDDD /* View */ = {
			isa = PBXGroup;
			children = (
				B6CFEBF9267D82E100CB74ED /* SearchDetailViewController.swift */,
			);
			path = View;
			sourceTree = "<group>";
		};
		B6779EE5267DDC15002FDDDD /* ViewModel */ = {
			isa = PBXGroup;
			children = (
				B6779EE6267DDC23002FDDDD /* SearchDetailViewModel.swift */,
			);
			path = ViewModel;
			sourceTree = "<group>";
		};
		B6779EE8267DE56F002FDDDD /* Extension */ = {
			isa = PBXGroup;
			children = (
				B6779EE9267DE57C002FDDDD /* String+.swift */,
			);
			path = Extension;
			sourceTree = "<group>";
		};
		B6779F0A267F4DBA002FDDDD /* Operations */ = {
			isa = PBXGroup;
			children = (
				B6779F08267F3834002FDDDD /* SearchListProvider.swift */,
				B6779EFA267F0E28002FDDDD /* AsyncOperation.swift */,
				B6779EFC267F1083002FDDDD /* DataLoadOperation.swift */,
				B6779F04267F1DCA002FDDDD /* SearchOperationDataProvider.swift */,
				B6779F00267F1C52002FDDDD /* SortOperation.swift */,
				B6A9CB532681DD4900612211 /* FilterOperation.swift */,
				B6A9CB552681E09F00612211 /* AppendOperation.swift */,
			);
			path = Operations;
			sourceTree = "<group>";
		};
		B6A9CB4F2681D3D400612211 /* Validation */ = {
			isa = PBXGroup;
			children = (
				B6A9CB502681D40B00612211 /* StringGeneratorTest.swift */,
				B6A9CB572681EA0E00612211 /* SortTest.swift */,
			);
			path = Validation;
			sourceTree = "<group>";
		};
		B6CFEBFD267D834A00CB74ED /* Frameworks */ = {
			isa = PBXGroup;
			children = (
				B6CFEBFE267D834A00CB74ED /* WebKit.framework */,
				539E28AF1B674CFA086CFE58 /* Pods_SearchList.framework */,
				A2DD2D8C7C622483A5A1A140 /* Pods_SearchList_SearchListUITests.framework */,
				A4A67E5AD69A89257A85131C /* Pods_SearchListTests.framework */,
			);
			name = Frameworks;
			sourceTree = "<group>";
		};
		B6CFEC00267D840100CB74ED /* Supporting Files */ = {
			isa = PBXGroup;
			children = (
				B639CBAF267D7F2200A0F141 /* Info.plist */,
				B639CBAA267D7F2200A0F141 /* Assets.xcassets */,
				B639CBAC267D7F2200A0F141 /* LaunchScreen.storyboard */,
			);
			name = "Supporting Files";
			sourceTree = "<group>";
		};
		B6CFEC01267D841900CB74ED /* Main Search */ = {
			isa = PBXGroup;
			children = (
				B6CFEC19267DC2AB00CB74ED /* View */,
				B6CFEC1A267DC2B400CB74ED /* ViewModel */,
				B66D4BCD267DC5BD004D750D /* Model */,
			);
			path = "Main Search";
			sourceTree = "<group>";
		};
		B6CFEC02267D842A00CB74ED /* Detail */ = {
			isa = PBXGroup;
			children = (
				B6779EE4267DDC11002FDDDD /* View */,
				B6779EE5267DDC15002FDDDD /* ViewModel */,
			);
			path = Detail;
			sourceTree = "<group>";
		};
		B6CFEC03267D842F00CB74ED /* Web */ = {
			isa = PBXGroup;
			children = (
				B6CFEBFB267D82FA00CB74ED /* DetailWebViewController.swift */,
			);
			path = Web;
			sourceTree = "<group>";
		};
		B6CFEC04267D858900CB74ED /* TableViewCell */ = {
			isa = PBXGroup;
			children = (
				B6CFEC10267D966900CB74ED /* HistoryTableViewCell.swift */,
				B6CFEC11267D966900CB74ED /* HistoryTableViewCell.xib */,
				B6CFEC05267D85B200CB74ED /* SearchTableViewCell.swift */,
				B6779F0B267F4F0D002FDDDD /* LoadingTableViewCell.swift */,
			);
			path = TableViewCell;
			sourceTree = "<group>";
		};
		B6CFEC0F267D964D00CB74ED /* CustomView */ = {
			isa = PBXGroup;
			children = (
				B6CFEC07267D860200CB74ED /* CustomSearchBarView.swift */,
				B6CFEC09267D860B00CB74ED /* CustomSearchBarView.xib */,
				B6CFEC0B267D8AC100CB74ED /* FilterView.swift */,
				B6CFEC0D267D8AD500CB74ED /* FilterView.xib */,
				B6779EE0267DD9C6002FDDDD /* EmptyView.swift */,
				B6779EE2267DD9D0002FDDDD /* EmptyView.xib */,
				B68D5F372680E43000699C90 /* SearchHistoryView.swift */,
				B68D5F392680E43900699C90 /* SearchHistoryView.xib */,
			);
			path = CustomView;
			sourceTree = "<group>";
		};
		B6CFEC14267DB54D00CB74ED /* Network */ = {
			isa = PBXGroup;
			children = (
				B6CFEC15267DB56200CB74ED /* NetworkAdapter.swift */,
				B6CFEC17267DB64D00CB74ED /* SearchAPI.swift */,
			);
			path = Network;
			sourceTree = "<group>";
		};
		B6CFEC19267DC2AB00CB74ED /* View */ = {
			isa = PBXGroup;
			children = (
				B6CFEBF7267D82D700CB74ED /* MainSearchViewController.swift */,
				B6CFEC04267D858900CB74ED /* TableViewCell */,
				B6CFEC0F267D964D00CB74ED /* CustomView */,
			);
			path = View;
			sourceTree = "<group>";
		};
		B6CFEC1A267DC2B400CB74ED /* ViewModel */ = {
			isa = PBXGroup;
			children = (
				B6779EF8267F0D16002FDDDD /* SearchViewModel.swift */,
				B6779F0A267F4DBA002FDDDD /* Operations */,
			);
			path = ViewModel;
			sourceTree = "<group>";
		};
/* End PBXGroup section */

/* Begin PBXNativeTarget section */
		B639CB9D267D7F2100A0F141 /* SearchList */ = {
			isa = PBXNativeTarget;
			buildConfigurationList = B639CBC8267D7F2200A0F141 /* Build configuration list for PBXNativeTarget "SearchList" */;
			buildPhases = (
				07C42661554DDF7FE7BE0251 /* [CP] Check Pods Manifest.lock */,
				B639CB9A267D7F2100A0F141 /* Sources */,
				B639CB9B267D7F2100A0F141 /* Frameworks */,
				B639CB9C267D7F2100A0F141 /* Resources */,
				28A4B4CDD0B4CB2E610946A1 /* [CP] Embed Pods Frameworks */,
			);
			buildRules = (
			);
			dependencies = (
			);
			name = SearchList;
			productName = SearchList;
			productReference = B639CB9E267D7F2100A0F141 /* SearchList.app */;
			productType = "com.apple.product-type.application";
		};
		B639CBB3267D7F2200A0F141 /* SearchListTests */ = {
			isa = PBXNativeTarget;
			buildConfigurationList = B639CBCB267D7F2200A0F141 /* Build configuration list for PBXNativeTarget "SearchListTests" */;
			buildPhases = (
				0A385092401A6951377576FE /* [CP] Check Pods Manifest.lock */,
				B639CBB0267D7F2200A0F141 /* Sources */,
				B639CBB1267D7F2200A0F141 /* Frameworks */,
				B639CBB2267D7F2200A0F141 /* Resources */,
			);
			buildRules = (
			);
			dependencies = (
				B639CBB6267D7F2200A0F141 /* PBXTargetDependency */,
			);
			name = SearchListTests;
			productName = SearchListTests;
			productReference = B639CBB4267D7F2200A0F141 /* SearchListTests.xctest */;
			productType = "com.apple.product-type.bundle.unit-test";
		};
		B639CBBE267D7F2200A0F141 /* SearchListUITests */ = {
			isa = PBXNativeTarget;
			buildConfigurationList = B639CBCE267D7F2200A0F141 /* Build configuration list for PBXNativeTarget "SearchListUITests" */;
			buildPhases = (
				7C22E0F7D9F1EE940D8E1341 /* [CP] Check Pods Manifest.lock */,
				B639CBBB267D7F2200A0F141 /* Sources */,
				B639CBBC267D7F2200A0F141 /* Frameworks */,
				B639CBBD267D7F2200A0F141 /* Resources */,
				6EB462D2DE29C99CD9FA0F13 /* [CP] Embed Pods Frameworks */,
			);
			buildRules = (
			);
			dependencies = (
				B639CBC1267D7F2200A0F141 /* PBXTargetDependency */,
			);
			name = SearchListUITests;
			productName = SearchListUITests;
			productReference = B639CBBF267D7F2200A0F141 /* SearchListUITests.xctest */;
			productType = "com.apple.product-type.bundle.ui-testing";
		};
/* End PBXNativeTarget section */

/* Begin PBXProject section */
		B639CB96267D7F2100A0F141 /* Project object */ = {
			isa = PBXProject;
			attributes = {
				LastSwiftUpdateCheck = 1250;
				LastUpgradeCheck = 1250;
				TargetAttributes = {
					B639CB9D267D7F2100A0F141 = {
						CreatedOnToolsVersion = 12.5;
					};
					B639CBB3267D7F2200A0F141 = {
						CreatedOnToolsVersion = 12.5;
						TestTargetID = B639CB9D267D7F2100A0F141;
					};
					B639CBBE267D7F2200A0F141 = {
						CreatedOnToolsVersion = 12.5;
						TestTargetID = B639CB9D267D7F2100A0F141;
					};
				};
			};
			buildConfigurationList = B639CB99267D7F2100A0F141 /* Build configuration list for PBXProject "SearchList" */;
			compatibilityVersion = "Xcode 9.3";
			developmentRegion = en;
			hasScannedForEncodings = 0;
			knownRegions = (
				en,
				Base,
			);
			mainGroup = B639CB95267D7F2100A0F141;
			productRefGroup = B639CB9F267D7F2100A0F141 /* Products */;
			projectDirPath = "";
			projectRoot = "";
			targets = (
				B639CB9D267D7F2100A0F141 /* SearchList */,
				B639CBB3267D7F2200A0F141 /* SearchListTests */,
				B639CBBE267D7F2200A0F141 /* SearchListUITests */,
			);
		};
/* End PBXProject section */

/* Begin PBXResourcesBuildPhase section */
		B639CB9C267D7F2100A0F141 /* Resources */ = {
			isa = PBXResourcesBuildPhase;
			buildActionMask = 2147483647;
			files = (
				B6CFEC0E267D8AD500CB74ED /* FilterView.xib in Resources */,
				B68D5F3A2680E43900699C90 /* SearchHistoryView.xib in Resources */,
				B639CBAE267D7F2200A0F141 /* LaunchScreen.storyboard in Resources */,
				B6CFEC0A267D860B00CB74ED /* CustomSearchBarView.xib in Resources */,
				B6779EE3267DD9D0002FDDDD /* EmptyView.xib in Resources */,
				B639CBAB267D7F2200A0F141 /* Assets.xcassets in Resources */,
				B6CFEC13267D966900CB74ED /* HistoryTableViewCell.xib in Resources */,
				B639CBA9267D7F2100A0F141 /* Main.storyboard in Resources */,
			);
			runOnlyForDeploymentPostprocessing = 0;
		};
		B639CBB2267D7F2200A0F141 /* Resources */ = {
			isa = PBXResourcesBuildPhase;
			buildActionMask = 2147483647;
			files = (
			);
			runOnlyForDeploymentPostprocessing = 0;
		};
		B639CBBD267D7F2200A0F141 /* Resources */ = {
			isa = PBXResourcesBuildPhase;
			buildActionMask = 2147483647;
			files = (
			);
			runOnlyForDeploymentPostprocessing = 0;
		};
/* End PBXResourcesBuildPhase section */

/* Begin PBXShellScriptBuildPhase section */
		07C42661554DDF7FE7BE0251 /* [CP] Check Pods Manifest.lock */ = {
			isa = PBXShellScriptBuildPhase;
			buildActionMask = 2147483647;
			files = (
			);
			inputFileListPaths = (
			);
			inputPaths = (
				"${PODS_PODFILE_DIR_PATH}/Podfile.lock",
				"${PODS_ROOT}/Manifest.lock",
			);
			name = "[CP] Check Pods Manifest.lock";
			outputFileListPaths = (
			);
			outputPaths = (
				"$(DERIVED_FILE_DIR)/Pods-SearchList-checkManifestLockResult.txt",
			);
			runOnlyForDeploymentPostprocessing = 0;
			shellPath = /bin/sh;
			shellScript = "diff \"${PODS_PODFILE_DIR_PATH}/Podfile.lock\" \"${PODS_ROOT}/Manifest.lock\" > /dev/null\nif [ $? != 0 ] ; then\n    # print error to STDERR\n    echo \"error: The sandbox is not in sync with the Podfile.lock. Run 'pod install' or update your CocoaPods installation.\" >&2\n    exit 1\nfi\n# This output is used by Xcode 'outputs' to avoid re-running this script phase.\necho \"SUCCESS\" > \"${SCRIPT_OUTPUT_FILE_0}\"\n";
			showEnvVarsInLog = 0;
		};
		0A385092401A6951377576FE /* [CP] Check Pods Manifest.lock */ = {
			isa = PBXShellScriptBuildPhase;
			buildActionMask = 2147483647;
			files = (
			);
			inputFileListPaths = (
			);
			inputPaths = (
				"${PODS_PODFILE_DIR_PATH}/Podfile.lock",
				"${PODS_ROOT}/Manifest.lock",
			);
			name = "[CP] Check Pods Manifest.lock";
			outputFileListPaths = (
			);
			outputPaths = (
				"$(DERIVED_FILE_DIR)/Pods-SearchListTests-checkManifestLockResult.txt",
			);
			runOnlyForDeploymentPostprocessing = 0;
			shellPath = /bin/sh;
			shellScript = "diff \"${PODS_PODFILE_DIR_PATH}/Podfile.lock\" \"${PODS_ROOT}/Manifest.lock\" > /dev/null\nif [ $? != 0 ] ; then\n    # print error to STDERR\n    echo \"error: The sandbox is not in sync with the Podfile.lock. Run 'pod install' or update your CocoaPods installation.\" >&2\n    exit 1\nfi\n# This output is used by Xcode 'outputs' to avoid re-running this script phase.\necho \"SUCCESS\" > \"${SCRIPT_OUTPUT_FILE_0}\"\n";
			showEnvVarsInLog = 0;
		};
		28A4B4CDD0B4CB2E610946A1 /* [CP] Embed Pods Frameworks */ = {
			isa = PBXShellScriptBuildPhase;
			buildActionMask = 2147483647;
			files = (
			);
			inputFileListPaths = (
				"${PODS_ROOT}/Target Support Files/Pods-SearchList/Pods-SearchList-frameworks-${CONFIGURATION}-input-files.xcfilelist",
			);
			name = "[CP] Embed Pods Frameworks";
			outputFileListPaths = (
				"${PODS_ROOT}/Target Support Files/Pods-SearchList/Pods-SearchList-frameworks-${CONFIGURATION}-output-files.xcfilelist",
			);
			runOnlyForDeploymentPostprocessing = 0;
			shellPath = /bin/sh;
			shellScript = "\"${PODS_ROOT}/Target Support Files/Pods-SearchList/Pods-SearchList-frameworks.sh\"\n";
			showEnvVarsInLog = 0;
		};
		6EB462D2DE29C99CD9FA0F13 /* [CP] Embed Pods Frameworks */ = {
			isa = PBXShellScriptBuildPhase;
			buildActionMask = 2147483647;
			files = (
			);
			inputFileListPaths = (
				"${PODS_ROOT}/Target Support Files/Pods-SearchList-SearchListUITests/Pods-SearchList-SearchListUITests-frameworks-${CONFIGURATION}-input-files.xcfilelist",
			);
			name = "[CP] Embed Pods Frameworks";
			outputFileListPaths = (
				"${PODS_ROOT}/Target Support Files/Pods-SearchList-SearchListUITests/Pods-SearchList-SearchListUITests-frameworks-${CONFIGURATION}-output-files.xcfilelist",
			);
			runOnlyForDeploymentPostprocessing = 0;
			shellPath = /bin/sh;
			shellScript = "\"${PODS_ROOT}/Target Support Files/Pods-SearchList-SearchListUITests/Pods-SearchList-SearchListUITests-frameworks.sh\"\n";
			showEnvVarsInLog = 0;
		};
		7C22E0F7D9F1EE940D8E1341 /* [CP] Check Pods Manifest.lock */ = {
			isa = PBXShellScriptBuildPhase;
			buildActionMask = 2147483647;
			files = (
			);
			inputFileListPaths = (
			);
			inputPaths = (
				"${PODS_PODFILE_DIR_PATH}/Podfile.lock",
				"${PODS_ROOT}/Manifest.lock",
			);
			name = "[CP] Check Pods Manifest.lock";
			outputFileListPaths = (
			);
			outputPaths = (
				"$(DERIVED_FILE_DIR)/Pods-SearchList-SearchListUITests-checkManifestLockResult.txt",
			);
			runOnlyForDeploymentPostprocessing = 0;
			shellPath = /bin/sh;
			shellScript = "diff \"${PODS_PODFILE_DIR_PATH}/Podfile.lock\" \"${PODS_ROOT}/Manifest.lock\" > /dev/null\nif [ $? != 0 ] ; then\n    # print error to STDERR\n    echo \"error: The sandbox is not in sync with the Podfile.lock. Run 'pod install' or update your CocoaPods installation.\" >&2\n    exit 1\nfi\n# This output is used by Xcode 'outputs' to avoid re-running this script phase.\necho \"SUCCESS\" > \"${SCRIPT_OUTPUT_FILE_0}\"\n";
			showEnvVarsInLog = 0;
		};
/* End PBXShellScriptBuildPhase section */

/* Begin PBXSourcesBuildPhase section */
		B639CB9A267D7F2100A0F141 /* Sources */ = {
			isa = PBXSourcesBuildPhase;
			buildActionMask = 2147483647;
			files = (
				B6D5BBC32682EE5E00A8612C /* PageInfoModel.swift in Sources */,
				B6CFEC18267DB64D00CB74ED /* SearchAPI.swift in Sources */,
				B6779EE1267DD9C6002FDDDD /* EmptyView.swift in Sources */,
				B6779F09267F3834002FDDDD /* SearchListProvider.swift in Sources */,
				B6779EF9267F0D16002FDDDD /* SearchViewModel.swift in Sources */,
				B6CFEC0C267D8AC100CB74ED /* FilterView.swift in Sources */,
				B639CBA2267D7F2100A0F141 /* AppDelegate.swift in Sources */,
				B6CFEC12267D966900CB74ED /* HistoryTableViewCell.swift in Sources */,
				B6A9CB542681DD4900612211 /* FilterOperation.swift in Sources */,
				B6CFEBFA267D82E100CB74ED /* SearchDetailViewController.swift in Sources */,
				B68D5F34268066BE00699C90 /* DocumentProtocol.swift in Sources */,
				B6779EEA267DE57C002FDDDD /* String+.swift in Sources */,
				B6779EFD267F1083002FDDDD /* DataLoadOperation.swift in Sources */,
				B6A9CB562681E09F00612211 /* AppendOperation.swift in Sources */,
				B6CFEBF8267D82D700CB74ED /* MainSearchViewController.swift in Sources */,
				B6CFEBFC267D82FA00CB74ED /* DetailWebViewController.swift in Sources */,
				B6779F05267F1DCA002FDDDD /* SearchOperationDataProvider.swift in Sources */,
				B68D5F382680E43000699C90 /* SearchHistoryView.swift in Sources */,
				B6779EE7267DDC23002FDDDD /* SearchDetailViewModel.swift in Sources */,
				B66D4BCF267DC61C004D750D /* SearchResultModel.swift in Sources */,
				B6779F01267F1C52002FDDDD /* SortOperation.swift in Sources */,
				B6779EFB267F0E29002FDDDD /* AsyncOperation.swift in Sources */,
				B6779F0C267F4F0D002FDDDD /* LoadingTableViewCell.swift in Sources */,
				B6CFEC16267DB56200CB74ED /* NetworkAdapter.swift in Sources */,
				B6D5BBC52683081C00A8612C /* Types.swift in Sources */,
				B6CFEC06267D85B200CB74ED /* SearchTableViewCell.swift in Sources */,
				B6CFEC08267D860200CB74ED /* CustomSearchBarView.swift in Sources */,
			);
			runOnlyForDeploymentPostprocessing = 0;
		};
		B639CBB0267D7F2200A0F141 /* Sources */ = {
			isa = PBXSourcesBuildPhase;
			buildActionMask = 2147483647;
			files = (
				B6A9CB512681D40B00612211 /* StringGeneratorTest.swift in Sources */,
				B6A9CB592681EADE00612211 /* SortOperation.swift in Sources */,
				B6A9CB5D2681EC6100612211 /* SearchResultModel.swift in Sources */,
				B6A9CB582681EA0E00612211 /* SortTest.swift in Sources */,
				B6A9CB5E2681EC6E00612211 /* SearchOperationDataProvider.swift in Sources */,
				B6A9CB522681D44700612211 /* String+.swift in Sources */,
				B6A9CB5B2681EC1A00612211 /* DocumentProtocol.swift in Sources */,
				B639CBB9267D7F2200A0F141 /* SearchListTests.swift in Sources */,
				B6A9CB5A2681EB0600612211 /* AppendOperation.swift in Sources */,
				B6A9CB602681EDFD00612211 /* DummyData.swift in Sources */,
				B6A9CB5C2681EC5500612211 /* FilterOperation.swift in Sources */,
			);
			runOnlyForDeploymentPostprocessing = 0;
		};
		B639CBBB267D7F2200A0F141 /* Sources */ = {
			isa = PBXSourcesBuildPhase;
			buildActionMask = 2147483647;
			files = (
				B639CBC4267D7F2200A0F141 /* SearchListUITests.swift in Sources */,
			);
			runOnlyForDeploymentPostprocessing = 0;
		};
/* End PBXSourcesBuildPhase section */

/* Begin PBXTargetDependency section */
		B639CBB6267D7F2200A0F141 /* PBXTargetDependency */ = {
			isa = PBXTargetDependency;
			target = B639CB9D267D7F2100A0F141 /* SearchList */;
			targetProxy = B639CBB5267D7F2200A0F141 /* PBXContainerItemProxy */;
		};
		B639CBC1267D7F2200A0F141 /* PBXTargetDependency */ = {
			isa = PBXTargetDependency;
			target = B639CB9D267D7F2100A0F141 /* SearchList */;
			targetProxy = B639CBC0267D7F2200A0F141 /* PBXContainerItemProxy */;
		};
/* End PBXTargetDependency section */

/* Begin PBXVariantGroup section */
		B639CBA7267D7F2100A0F141 /* Main.storyboard */ = {
			isa = PBXVariantGroup;
			children = (
				B639CBA8267D7F2100A0F141 /* Base */,
			);
			name = Main.storyboard;
			sourceTree = "<group>";
		};
		B639CBAC267D7F2200A0F141 /* LaunchScreen.storyboard */ = {
			isa = PBXVariantGroup;
			children = (
				B639CBAD267D7F2200A0F141 /* Base */,
			);
			name = LaunchScreen.storyboard;
			sourceTree = "<group>";
		};
/* End PBXVariantGroup section */

/* Begin XCBuildConfiguration section */
		B639CBC6267D7F2200A0F141 /* Debug */ = {
			isa = XCBuildConfiguration;
			buildSettings = {
				ALWAYS_SEARCH_USER_PATHS = NO;
				CLANG_ANALYZER_NONNULL = YES;
				CLANG_ANALYZER_NUMBER_OBJECT_CONVERSION = YES_AGGRESSIVE;
				CLANG_CXX_LANGUAGE_STANDARD = "gnu++14";
				CLANG_CXX_LIBRARY = "libc++";
				CLANG_ENABLE_MODULES = YES;
				CLANG_ENABLE_OBJC_ARC = YES;
				CLANG_ENABLE_OBJC_WEAK = YES;
				CLANG_WARN_BLOCK_CAPTURE_AUTORELEASING = YES;
				CLANG_WARN_BOOL_CONVERSION = YES;
				CLANG_WARN_COMMA = YES;
				CLANG_WARN_CONSTANT_CONVERSION = YES;
				CLANG_WARN_DEPRECATED_OBJC_IMPLEMENTATIONS = YES;
				CLANG_WARN_DIRECT_OBJC_ISA_USAGE = YES_ERROR;
				CLANG_WARN_DOCUMENTATION_COMMENTS = YES;
				CLANG_WARN_EMPTY_BODY = YES;
				CLANG_WARN_ENUM_CONVERSION = YES;
				CLANG_WARN_INFINITE_RECURSION = YES;
				CLANG_WARN_INT_CONVERSION = YES;
				CLANG_WARN_NON_LITERAL_NULL_CONVERSION = YES;
				CLANG_WARN_OBJC_IMPLICIT_RETAIN_SELF = YES;
				CLANG_WARN_OBJC_LITERAL_CONVERSION = YES;
				CLANG_WARN_OBJC_ROOT_CLASS = YES_ERROR;
				CLANG_WARN_QUOTED_INCLUDE_IN_FRAMEWORK_HEADER = YES;
				CLANG_WARN_RANGE_LOOP_ANALYSIS = YES;
				CLANG_WARN_STRICT_PROTOTYPES = YES;
				CLANG_WARN_SUSPICIOUS_MOVE = YES;
				CLANG_WARN_UNGUARDED_AVAILABILITY = YES_AGGRESSIVE;
				CLANG_WARN_UNREACHABLE_CODE = YES;
				CLANG_WARN__DUPLICATE_METHOD_MATCH = YES;
				COPY_PHASE_STRIP = NO;
				DEBUG_INFORMATION_FORMAT = dwarf;
				ENABLE_STRICT_OBJC_MSGSEND = YES;
				ENABLE_TESTABILITY = YES;
				GCC_C_LANGUAGE_STANDARD = gnu11;
				GCC_DYNAMIC_NO_PIC = NO;
				GCC_NO_COMMON_BLOCKS = YES;
				GCC_OPTIMIZATION_LEVEL = 0;
				GCC_PREPROCESSOR_DEFINITIONS = (
					"DEBUG=1",
					"$(inherited)",
				);
				GCC_WARN_64_TO_32_BIT_CONVERSION = YES;
				GCC_WARN_ABOUT_RETURN_TYPE = YES_ERROR;
				GCC_WARN_UNDECLARED_SELECTOR = YES;
				GCC_WARN_UNINITIALIZED_AUTOS = YES_AGGRESSIVE;
				GCC_WARN_UNUSED_FUNCTION = YES;
				GCC_WARN_UNUSED_VARIABLE = YES;
				IPHONEOS_DEPLOYMENT_TARGET = 11.0;
				MTL_ENABLE_DEBUG_INFO = INCLUDE_SOURCE;
				MTL_FAST_MATH = YES;
				ONLY_ACTIVE_ARCH = YES;
				SDKROOT = iphoneos;
				SWIFT_ACTIVE_COMPILATION_CONDITIONS = DEBUG;
				SWIFT_OPTIMIZATION_LEVEL = "-Onone";
			};
			name = Debug;
		};
		B639CBC7267D7F2200A0F141 /* Release */ = {
			isa = XCBuildConfiguration;
			buildSettings = {
				ALWAYS_SEARCH_USER_PATHS = NO;
				CLANG_ANALYZER_NONNULL = YES;
				CLANG_ANALYZER_NUMBER_OBJECT_CONVERSION = YES_AGGRESSIVE;
				CLANG_CXX_LANGUAGE_STANDARD = "gnu++14";
				CLANG_CXX_LIBRARY = "libc++";
				CLANG_ENABLE_MODULES = YES;
				CLANG_ENABLE_OBJC_ARC = YES;
				CLANG_ENABLE_OBJC_WEAK = YES;
				CLANG_WARN_BLOCK_CAPTURE_AUTORELEASING = YES;
				CLANG_WARN_BOOL_CONVERSION = YES;
				CLANG_WARN_COMMA = YES;
				CLANG_WARN_CONSTANT_CONVERSION = YES;
				CLANG_WARN_DEPRECATED_OBJC_IMPLEMENTATIONS = YES;
				CLANG_WARN_DIRECT_OBJC_ISA_USAGE = YES_ERROR;
				CLANG_WARN_DOCUMENTATION_COMMENTS = YES;
				CLANG_WARN_EMPTY_BODY = YES;
				CLANG_WARN_ENUM_CONVERSION = YES;
				CLANG_WARN_INFINITE_RECURSION = YES;
				CLANG_WARN_INT_CONVERSION = YES;
				CLANG_WARN_NON_LITERAL_NULL_CONVERSION = YES;
				CLANG_WARN_OBJC_IMPLICIT_RETAIN_SELF = YES;
				CLANG_WARN_OBJC_LITERAL_CONVERSION = YES;
				CLANG_WARN_OBJC_ROOT_CLASS = YES_ERROR;
				CLANG_WARN_QUOTED_INCLUDE_IN_FRAMEWORK_HEADER = YES;
				CLANG_WARN_RANGE_LOOP_ANALYSIS = YES;
				CLANG_WARN_STRICT_PROTOTYPES = YES;
				CLANG_WARN_SUSPICIOUS_MOVE = YES;
				CLANG_WARN_UNGUARDED_AVAILABILITY = YES_AGGRESSIVE;
				CLANG_WARN_UNREACHABLE_CODE = YES;
				CLANG_WARN__DUPLICATE_METHOD_MATCH = YES;
				COPY_PHASE_STRIP = NO;
				DEBUG_INFORMATION_FORMAT = "dwarf-with-dsym";
				ENABLE_NS_ASSERTIONS = NO;
				ENABLE_STRICT_OBJC_MSGSEND = YES;
				GCC_C_LANGUAGE_STANDARD = gnu11;
				GCC_NO_COMMON_BLOCKS = YES;
				GCC_WARN_64_TO_32_BIT_CONVERSION = YES;
				GCC_WARN_ABOUT_RETURN_TYPE = YES_ERROR;
				GCC_WARN_UNDECLARED_SELECTOR = YES;
				GCC_WARN_UNINITIALIZED_AUTOS = YES_AGGRESSIVE;
				GCC_WARN_UNUSED_FUNCTION = YES;
				GCC_WARN_UNUSED_VARIABLE = YES;
				IPHONEOS_DEPLOYMENT_TARGET = 11.0;
				MTL_ENABLE_DEBUG_INFO = NO;
				MTL_FAST_MATH = YES;
				SDKROOT = iphoneos;
				SWIFT_COMPILATION_MODE = wholemodule;
				SWIFT_OPTIMIZATION_LEVEL = "-O";
				VALIDATE_PRODUCT = YES;
			};
			name = Release;
		};
		B639CBC9267D7F2200A0F141 /* Debug */ = {
			isa = XCBuildConfiguration;
			baseConfigurationReference = 43BF0634AF5BCB751AD8DAB6 /* Pods-SearchList.debug.xcconfig */;
			buildSettings = {
				ASSETCATALOG_COMPILER_APPICON_NAME = AppIcon;
				ASSETCATALOG_COMPILER_GLOBAL_ACCENT_COLOR_NAME = AccentColor;
				CODE_SIGN_STYLE = Automatic;
				DEVELOPMENT_TEAM = 88356WAKJ6;
				INFOPLIST_FILE = SearchList/Info.plist;
				IPHONEOS_DEPLOYMENT_TARGET = 11.0;
				LD_RUNPATH_SEARCH_PATHS = (
					"$(inherited)",
					"@executable_path/Frameworks",
				);
				PRODUCT_BUNDLE_IDENTIFIER = com.eunji.test.SearchList;
				PRODUCT_NAME = "$(TARGET_NAME)";
				SWIFT_VERSION = 5.0;
				TARGETED_DEVICE_FAMILY = 1;
			};
			name = Debug;
		};
		B639CBCA267D7F2200A0F141 /* Release */ = {
			isa = XCBuildConfiguration;
			baseConfigurationReference = 04A3193F8ADD92C0B664262D /* Pods-SearchList.release.xcconfig */;
			buildSettings = {
				ASSETCATALOG_COMPILER_APPICON_NAME = AppIcon;
				ASSETCATALOG_COMPILER_GLOBAL_ACCENT_COLOR_NAME = AccentColor;
				CODE_SIGN_STYLE = Automatic;
				DEVELOPMENT_TEAM = 88356WAKJ6;
				INFOPLIST_FILE = SearchList/Info.plist;
				IPHONEOS_DEPLOYMENT_TARGET = 11.0;
				LD_RUNPATH_SEARCH_PATHS = (
					"$(inherited)",
					"@executable_path/Frameworks",
				);
				PRODUCT_BUNDLE_IDENTIFIER = com.eunji.test.SearchList;
				PRODUCT_NAME = "$(TARGET_NAME)";
				SWIFT_VERSION = 5.0;
				TARGETED_DEVICE_FAMILY = 1;
			};
			name = Release;
		};
		B639CBCC267D7F2200A0F141 /* Debug */ = {
			isa = XCBuildConfiguration;
			baseConfigurationReference = F18E2BEF511208F740E497B9 /* Pods-SearchListTests.debug.xcconfig */;
			buildSettings = {
				ALWAYS_EMBED_SWIFT_STANDARD_LIBRARIES = YES;
				BUNDLE_LOADER = "$(TEST_HOST)";
				CODE_SIGN_STYLE = Automatic;
				DEVELOPMENT_TEAM = 88356WAKJ6;
				INFOPLIST_FILE = SearchListTests/Info.plist;
				IPHONEOS_DEPLOYMENT_TARGET = 11.0;
				LD_RUNPATH_SEARCH_PATHS = (
					"$(inherited)",
					"@executable_path/Frameworks",
					"@loader_path/Frameworks",
				);
				PRODUCT_BUNDLE_IDENTIFIER = "-.SearchListTests";
				PRODUCT_NAME = "$(TARGET_NAME)";
				SWIFT_VERSION = 5.0;
				TARGETED_DEVICE_FAMILY = 1;
				TEST_HOST = "$(BUILT_PRODUCTS_DIR)/SearchList.app/SearchList";
			};
			name = Debug;
		};
		B639CBCD267D7F2200A0F141 /* Release */ = {
			isa = XCBuildConfiguration;
			baseConfigurationReference = A438E8B40C3AABA9B02E1AEA /* Pods-SearchListTests.release.xcconfig */;
			buildSettings = {
				ALWAYS_EMBED_SWIFT_STANDARD_LIBRARIES = YES;
				BUNDLE_LOADER = "$(TEST_HOST)";
				CODE_SIGN_STYLE = Automatic;
				DEVELOPMENT_TEAM = 88356WAKJ6;
				INFOPLIST_FILE = SearchListTests/Info.plist;
				IPHONEOS_DEPLOYMENT_TARGET = 11.0;
				LD_RUNPATH_SEARCH_PATHS = (
					"$(inherited)",
					"@executable_path/Frameworks",
					"@loader_path/Frameworks",
				);
				PRODUCT_BUNDLE_IDENTIFIER = "-.SearchListTests";
				PRODUCT_NAME = "$(TARGET_NAME)";
				SWIFT_VERSION = 5.0;
				TARGETED_DEVICE_FAMILY = 1;
				TEST_HOST = "$(BUILT_PRODUCTS_DIR)/SearchList.app/SearchList";
			};
			name = Release;
		};
		B639CBCF267D7F2200A0F141 /* Debug */ = {
			isa = XCBuildConfiguration;
			baseConfigurationReference = C8D61ADDB5B7984A521FABF5 /* Pods-SearchList-SearchListUITests.debug.xcconfig */;
			buildSettings = {
				ALWAYS_EMBED_SWIFT_STANDARD_LIBRARIES = YES;
				CODE_SIGN_STYLE = Automatic;
				DEVELOPMENT_TEAM = 88356WAKJ6;
				INFOPLIST_FILE = SearchListUITests/Info.plist;
				LD_RUNPATH_SEARCH_PATHS = (
					"$(inherited)",
					"@executable_path/Frameworks",
					"@loader_path/Frameworks",
				);
				PRODUCT_BUNDLE_IDENTIFIER = "-.SearchListUITests";
				PRODUCT_NAME = "$(TARGET_NAME)";
				SWIFT_VERSION = 5.0;
				TARGETED_DEVICE_FAMILY = "1,2";
				TEST_TARGET_NAME = SearchList;
			};
			name = Debug;
		};
		B639CBD0267D7F2200A0F141 /* Release */ = {
			isa = XCBuildConfiguration;
			baseConfigurationReference = 54EBF9AB6E42A7D68250100D /* Pods-SearchList-SearchListUITests.release.xcconfig */;
			buildSettings = {
				ALWAYS_EMBED_SWIFT_STANDARD_LIBRARIES = YES;
				CODE_SIGN_STYLE = Automatic;
				DEVELOPMENT_TEAM = 88356WAKJ6;
				INFOPLIST_FILE = SearchListUITests/Info.plist;
				LD_RUNPATH_SEARCH_PATHS = (
					"$(inherited)",
					"@executable_path/Frameworks",
					"@loader_path/Frameworks",
				);
				PRODUCT_BUNDLE_IDENTIFIER = "-.SearchListUITests";
				PRODUCT_NAME = "$(TARGET_NAME)";
				SWIFT_VERSION = 5.0;
				TARGETED_DEVICE_FAMILY = "1,2";
				TEST_TARGET_NAME = SearchList;
			};
			name = Release;
		};
/* End XCBuildConfiguration section */

/* Begin XCConfigurationList section */
		B639CB99267D7F2100A0F141 /* Build configuration list for PBXProject "SearchList" */ = {
			isa = XCConfigurationList;
			buildConfigurations = (
				B639CBC6267D7F2200A0F141 /* Debug */,
				B639CBC7267D7F2200A0F141 /* Release */,
			);
			defaultConfigurationIsVisible = 0;
			defaultConfigurationName = Release;
		};
		B639CBC8267D7F2200A0F141 /* Build configuration list for PBXNativeTarget "SearchList" */ = {
			isa = XCConfigurationList;
			buildConfigurations = (
				B639CBC9267D7F2200A0F141 /* Debug */,
				B639CBCA267D7F2200A0F141 /* Release */,
			);
			defaultConfigurationIsVisible = 0;
			defaultConfigurationName = Release;
		};
		B639CBCB267D7F2200A0F141 /* Build configuration list for PBXNativeTarget "SearchListTests" */ = {
			isa = XCConfigurationList;
			buildConfigurations = (
				B639CBCC267D7F2200A0F141 /* Debug */,
				B639CBCD267D7F2200A0F141 /* Release */,
			);
			defaultConfigurationIsVisible = 0;
			defaultConfigurationName = Release;
		};
		B639CBCE267D7F2200A0F141 /* Build configuration list for PBXNativeTarget "SearchListUITests" */ = {
			isa = XCConfigurationList;
			buildConfigurations = (
				B639CBCF267D7F2200A0F141 /* Debug */,
				B639CBD0267D7F2200A0F141 /* Release */,
			);
			defaultConfigurationIsVisible = 0;
			defaultConfigurationName = Release;
		};
/* End XCConfigurationList section */
	};
	rootObject = B639CB96267D7F2100A0F141 /* Project object */;
}
